
Microsoft Visual Studio Solution File, Format Version 12.00
# Visual Studio 15
VisualStudioVersion = 15.0.27428.2027
MinimumVisualStudioVersion = 10.0.40219.1
Project("{F2A71F9B-5D33-465A-A702-920D77279786}") = "JobApplicationSpam", "JobApplicationSpam\JobApplicationSpam.fsproj", "{701E8694-30AA-4848-A03D-8A9AE117BDA8}"
EndProject
Project("{F2A71F9B-5D33-465A-A702-920D77279786}") = "Download", "Download\Download.fsproj", "{8AD6E59A-28BA-4E83-8193-1E8E4724B333}"
EndProject
Project("{F2A71F9B-5D33-465A-A702-920D77279786}") = "Publish", "Publish\Publish.fsproj", "{E8EB06E7-CD2F-489A-8190-A4A7442CB43B}"
EndProject
Global
	GlobalSection(SolutionConfigurationPlatforms) = preSolution
		Debug|Any CPU = Debug|Any CPU
		Release|Any CPU = Release|Any CPU
	EndGlobalSection
	GlobalSection(ProjectConfigurationPlatforms) = postSolution
		{701E8694-30AA-4848-A03D-8A9AE117BDA8}.Debug|Any CPU.ActiveCfg = Debug|Any CPU
		{701E8694-30AA-4848-A03D-8A9AE117BDA8}.Debug|Any CPU.Build.0 = Debug|Any CPU
		{701E8694-30AA-4848-A03D-8A9AE117BDA8}.Release|Any CPU.ActiveCfg = Release|Any CPU
		{701E8694-30AA-4848-A03D-8A9AE117BDA8}.Release|Any CPU.Build.0 = Release|Any CPU
		{8AD6E59A-28BA-4E83-8193-1E8E4724B333}.Debug|Any CPU.ActiveCfg = Debug|Any CPU
		{8AD6E59A-28BA-4E83-8193-1E8E4724B333}.Debug|Any CPU.Build.0 = Debug|Any CPU
		{8AD6E59A-28BA-4E83-8193-1E8E4724B333}.Release|Any CPU.ActiveCfg = Release|Any CPU
		{8AD6E59A-28BA-4E83-8193-1E8E4724B333}.Release|Any CPU.Build.0 = Release|Any CPU
		{E8EB06E7-CD2F-489A-8190-A4A7442CB43B}.Debug|Any CPU.ActiveCfg = Debug|Any CPU
		{E8EB06E7-CD2F-489A-8190-A4A7442CB43B}.Debug|Any CPU.Build.0 = Debug|Any CPU
		{E8EB06E7-CD2F-489A-8190-A4A7442CB43B}.Release|Any CPU.ActiveCfg = Release|Any CPU
		{E8EB06E7-CD2F-489A-8190-A4A7442CB43B}.Release|Any CPU.Build.0 = Release|Any CPU
	EndGlobalSection
	GlobalSection(SolutionProperties) = preSolution
		HideSolutionNode = FALSE
	EndGlobalSection
	GlobalSection(ExtensibilityGlobals) = postSolution
		SolutionGuid = {B7C02823-55C0-4645-BDB2-5AD2DCECABCC}
	EndGlobalSection
EndGlobal
